
Microsoft Visual Studio Solution File, Format Version 12.00
# Visual Studio 15
VisualStudioVersion = 15.0.26430.6
MinimumVisualStudioVersion = 10.0.40219.1
Project("{FAE04EC0-301F-11D3-BF4B-00C04F79EFBC}") = "WebApplication.Core", "WebApplication.Core\WebApplication.Core.csproj", "{A38A7B5D-1BCE-4135-BEC3-FE6C2E856468}"
EndProject
Project("{FAE04EC0-301F-11D3-BF4B-00C04F79EFBC}") = "WebApplication.Data", "WebApplication.Data\WebApplication.Data.csproj", "{BAFDAE52-2E36-4947-BDA0-A59D2F155359}"
EndProject
Project("{FAE04EC0-301F-11D3-BF4B-00C04F79EFBC}") = "WebApplication.Business", "WebApplication.Business\WebApplication.Business.csproj", "{B978D6A2-F991-4F8E-B92F-E6D829483DAB}"
EndProject
Project("{FAE04EC0-301F-11D3-BF4B-00C04F79EFBC}") = "WebApplication.Web", "WebApplication.Web\WebApplication.Web.csproj", "{892850AD-E301-4B27-8F3F-9C35E5391E38}"
EndProject
Global
	GlobalSection(SolutionConfigurationPlatforms) = preSolution
		Debug|Any CPU = Debug|Any CPU
		Release|Any CPU = Release|Any CPU
	EndGlobalSection
	GlobalSection(ProjectConfigurationPlatforms) = postSolution
		{A38A7B5D-1BCE-4135-BEC3-FE6C2E856468}.Debug|Any CPU.ActiveCfg = Debug|Any CPU
		{A38A7B5D-1BCE-4135-BEC3-FE6C2E856468}.Debug|Any CPU.Build.0 = Debug|Any CPU
		{A38A7B5D-1BCE-4135-BEC3-FE6C2E856468}.Release|Any CPU.ActiveCfg = Release|Any CPU
		{A38A7B5D-1BCE-4135-BEC3-FE6C2E856468}.Release|Any CPU.Build.0 = Release|Any CPU
		{BAFDAE52-2E36-4947-BDA0-A59D2F155359}.Debug|Any CPU.ActiveCfg = Debug|Any CPU
		{BAFDAE52-2E36-4947-BDA0-A59D2F155359}.Debug|Any CPU.Build.0 = Debug|Any CPU
		{BAFDAE52-2E36-4947-BDA0-A59D2F155359}.Release|Any CPU.ActiveCfg = Release|Any CPU
		{BAFDAE52-2E36-4947-BDA0-A59D2F155359}.Release|Any CPU.Build.0 = Release|Any CPU
		{B978D6A2-F991-4F8E-B92F-E6D829483DAB}.Debug|Any CPU.ActiveCfg = Debug|Any CPU
		{B978D6A2-F991-4F8E-B92F-E6D829483DAB}.Debug|Any CPU.Build.0 = Debug|Any CPU
		{B978D6A2-F991-4F8E-B92F-E6D829483DAB}.Release|Any CPU.ActiveCfg = Release|Any CPU
		{B978D6A2-F991-4F8E-B92F-E6D829483DAB}.Release|Any CPU.Build.0 = Release|Any CPU
		{892850AD-E301-4B27-8F3F-9C35E5391E38}.Debug|Any CPU.ActiveCfg = Debug|Any CPU
		{892850AD-E301-4B27-8F3F-9C35E5391E38}.Debug|Any CPU.Build.0 = Debug|Any CPU
		{892850AD-E301-4B27-8F3F-9C35E5391E38}.Release|Any CPU.ActiveCfg = Release|Any CPU
		{892850AD-E301-4B27-8F3F-9C35E5391E38}.Release|Any CPU.Build.0 = Release|Any CPU
	EndGlobalSection
	GlobalSection(SolutionProperties) = preSolution
		HideSolutionNode = FALSE
	EndGlobalSection
EndGlobal
